{
  "name": "socket-client",
  "version": "1.0.0",
  "lockfileVersion": 1,
  "requires": true,
  "dependencies": {
    "async-limiter": {
      "version": "1.0.0",
      "resolved": "http://npm.falcon.io/async-limiter/-/async-limiter-1.0.0.tgz",
      "integrity": "sha512-jp/uFnooOiO+L211eZOoSyzpOITMXx1rBITauYykG3BRYPu8h0UcxsPNB04RR5vo4Tyz3+ay17tR6JVf9qzYWg=="
    },
    "nan": {
      "version": "1.4.3",
      "resolved": "https://registry.npmjs.org/nan/-/nan-1.4.3.tgz",
      "integrity": "sha1-xWtUBGmAY2lvWXQ1+RY8MSrqUAk="
    },
    "options": {
      "version": "0.0.6",
      "resolved": "https://registry.npmjs.org/options/-/options-0.0.6.tgz",
      "integrity": "sha1-7CLTEoBrtT5zF3Pnza788cZDEo8="
    },
    "revolt": {
      "version": "1.0.4",
      "resolved": "https://registry.npmjs.org/revolt/-/revolt-1.0.4.tgz",
      "integrity": "sha512-8no9aPM3/M1PtVtPf8c6NDdFMroMNe4SXagKTK2Qb6JMwRHisQm1gN75sAl4hRcMjjSgX4pmW4qYGN0ZsMx6zQ==",
      "requires": {
        "rxjs": "5.5.8",
        "ws": "0.5.0"
      },
      "dependencies": {
        "ultron": {
          "version": "1.0.2",
          "resolved": "https://registry.npmjs.org/ultron/-/ultron-1.0.2.tgz",
          "integrity": "sha1-rOEWq1V80Zc4ak6I9GhTeMiy5Po="
        },
        "ws": {
          "version": "0.5.0",
          "resolved": "https://registry.npmjs.org/ws/-/ws-0.5.0.tgz",
          "integrity": "sha1-s5gDkdxHd9g5dHGKo2HoCNhs+co=",
          "requires": {
            "nan": "1.4.3",
            "options": "0.0.6",
            "ultron": "1.0.2"
          }
        }
      }
    },
    "revolt-json-parser": {
      "version": "0.3.0",
      "resolved": "https://registry.npmjs.org/revolt-json-parser/-/revolt-json-parser-0.3.0.tgz",
      "integrity": "sha1-fintZTEsjsfM/pUC7N4mUGYrqyA=",
      "requires": {
        "rx": "2.5.3",
        "rx-node": "1.0.2"
      }
    },
    "rx": {
      "version": "2.5.3",
      "resolved": "https://registry.npmjs.org/rx/-/rx-2.5.3.tgz",
      "integrity": "sha1-Ia3H2A8CACr1Da6X/Z2/JIdV9WY="
    },
    "rx-node": {
      "version": "1.0.2",
      "resolved": "https://registry.npmjs.org/rx-node/-/rx-node-1.0.2.tgz",
      "integrity": "sha1-FRJAclp56Fc2CrBsxiZ5mWXglN4=",
      "requires": {
        "rx": "2.5.3"
      }
    },
    "rxjs": {
      "version": "5.5.8",
      "resolved": "https://registry.npmjs.org/rxjs/-/rxjs-5.5.8.tgz",
      "integrity": "sha512-Bz7qou7VAIoGiglJZbzbXa4vpX5BmTTN2Dj/se6+SwADtw4SihqBIiEa7VmTXJ8pynvq0iFr5Gx9VLyye1rIxQ==",
      "requires": {
        "symbol-observable": "1.0.1"
      }
    },
    "safe-buffer": {
      "version": "5.1.1",
      "resolved": "http://npm.falcon.io/safe-buffer/-/safe-buffer-5.1.1.tgz",
      "integrity": "sha512-kKvNJn6Mm93gAczWVJg7wH+wGYWNrDHdWvpUmHyEsgCtIwwo3bqPtV4tR5tuPaUhTOo/kvhVwd8XwwOllGYkbg=="
    },
    "siren": {
      "version": "0.4.0",
      "resolved": "https://registry.npmjs.org/siren/-/siren-0.4.0.tgz",
      "integrity": "sha1-TNZhrTkRPKXjUSHOSRyC+xsyRrk=",
      "requires": {
        "revolt": "1.0.4",
        "revolt-json-parser": "0.3.0",
        "rx": "2.5.3"
      }
    },
    "symbol-observable": {
      "version": "1.0.1",
      "resolved": "https://registry.npmjs.org/symbol-observable/-/symbol-observable-1.0.1.tgz",
      "integrity": "sha1-g0D8RwLDEi310iKI+IKD9RPT/dQ="
    },
    "ultron": {
      "version": "1.1.1",
      "resolved": "http://npm.falcon.io/ultron/-/ultron-1.1.1.tgz",
      "integrity": "sha512-UIEXBNeYmKptWH6z8ZnqTeS8fV74zG0/eRU9VGkpzz+LIJNs8W/zM/L+7ctCkRrgbNnnR0xxw4bKOr0cW0N0Og=="
    },
    "ws": {
      "version": "3.3.3",
      "resolved": "http://npm.falcon.io/ws/-/ws-3.3.3.tgz",
      "integrity": "sha512-nnWLa/NwZSt4KQJu51MYlCcSQ5g7INpOrOMt4XV8j4dqTXdmlUmSHQ8/oLC069ckre0fRsgfvsKwbTdtKLCDkA==",
      "requires": {
        "async-limiter": "1.0.0",
        "safe-buffer": "5.1.1",
        "ultron": "1.1.1"
      }
    },
    "zetta-client": {
      "version": "git+https://github.com/zettajs/node-zetta-client.git#a7bbc17e1130b40dbd3357686dbe368f14d81e89",
      "requires": {
        "rx": "2.5.3",
        "zetta-rels": "0.5.0",
        "zrx": "0.6.0"
      }
    },
    "zetta-rels": {
      "version": "0.5.0",
      "resolved": "https://registry.npmjs.org/zetta-rels/-/zetta-rels-0.5.0.tgz",
      "integrity": "sha1-fQDVnHiVIcno5O067D8RAn+7kHc="
    },
    "zrx": {
      "version": "0.6.0",
      "resolved": "https://registry.npmjs.org/zrx/-/zrx-0.6.0.tgz",
      "integrity": "sha1-WZsMt5VymvY5bIPyGC0J+5nxYiw=",
      "requires": {
        "rx": "2.5.3",
        "siren": "0.4.0"
      }
    }
  }
}
